github.com/go-webgpu/goffi v0.3.9 h1:dD1F7GZQV54ET6Fdcb+4776W1/OfbSb9DOJADVZEQLc=
github.com/go-webgpu/goffi v0.3.9/go.mod h1:wfoxNsJkU+5RFbV1kNN1kunhc1lFHuJKK3zpgx08/uM=
github.com/go-webgpu/webgpu v0.3.1 h1:GxaJ3Cz2FGzHZ3adAYvuRFTdCMcwrENLbuilyIxSH0o=
github.com/go-webgpu/webgpu v0.3.1/go.mod h1:lPa1+DhNDB3jb97/KI2ivW+ewK1V9x4k58fObvWBhR4=
github.com/gogpu/gpucontext v0.9.0 h1:RCM3oXtxR/i7YZrbH68zBjieE4j0TF731MrPnnD2Los=
github.com/gogpu/gpucontext v0.9.0/go.mod h1:d+6V6OVk81cFRpsJcl+9Qnd8qCDLTQGelMVMEzjPTUg=
github.com/gogpu/gputypes v0.2.0 h1:Quv3ekiU12zK4ZhBZsSZmalHYc+zj2gr9ZWRyzKgkKk=
github.com/gogpu/gputypes v0.2.0/go.mod h1:cnXrDMwTpWTvJLW1Vreop3PcT6a2YP/i3s91rPaOavw=
github.com/gogpu/naga v0.14.0 h1:JfUd608ULl7ey6t/xBt0p41/HXgYLkKESYv2YnbezZY=
github.com/gogpu/naga v0.14.0/go.mod h1:15sQaHKkbqXcwTN+hHYGLsA0WBBnkmYzne/eF5p5WEg=
github.com/gogpu/naga v0.14.1 h1:V4zwc2NPUrsllnwD5hqzgZYbjWZO4OOR3NYkpbQPNx0=
github.com/gogpu/naga v0.14.1/go.mod h1:15sQaHKkbqXcwTN+hHYGLsA0WBBnkmYzne/eF5p5WEg=
github.com/gogpu/wgpu v0.16.7 h1:BOm2GQ3/xzVuH08mObQ9iOQMHgEzNSBUhbVs24PuzXc=
github.com/gogpu/wgpu v0.16.7/go.mod h1:hUnf/fPD4wdrxmuciaWCdVK4RfvE0gmXDrhAU89uMlQ=
github.com/gogpu/wgpu v0.16.8 h1:LP1+z9NUGv0uJJ2+ULkg7FS0k/iZUaSzC+sn5+SBn0w=
github.com/gogpu/wgpu v0.16.8/go.mod h1:hUnf/fPD4wdrxmuciaWCdVK4RfvE0gmXDrhAU89uMlQ=
github.com/gogpu/wgpu v0.16.9 h1:Ba9fhH3uK2AXoInggc82Sma/YivY18gRAttR9LiIS/A=
github.com/gogpu/wgpu v0.16.9/go.mod h1:DDuFvDCJCGtpyhqGY9VUzJCezpGV2hExmzW4OJkt/DM=
golang.org/x/sys v0.41.0 h1:Ivj+2Cp/ylzLiEU89QhWblYnOE9zerudt9Ftecq2C6k=
golang.org/x/sys v0.41.0/go.mod h1:OgkHotnGiDImocRcuBABYBEXf8A9a87e/uXjp9XT3ks=
